
Microsoft Visual Studio Solution File, Format Version 12.00
# Visual Studio Version 17
VisualStudioVersion = 17.8.34511.84
MinimumVisualStudioVersion = 10.0.40219.1
Project("{9A19103F-16F7-4668-BE54-9A1E7A4F7556}") = "Demo01", "Demo01\Demo01.csproj", "{68E103CA-1D38-4E64-B46B-D421F9F8AE7E}"
EndProject
Project("{9A19103F-16F7-4668-BE54-9A1E7A4F7556}") = "Exercice01", "Exercice01\Exercice01.csproj", "{E0461262-0172-4951-A215-5C62429EE653}"
EndProject
Project("{9A19103F-16F7-4668-BE54-9A1E7A4F7556}") = "Exercice02", "Exercice02\Exercice02.csproj", "{9CFE134F-3570-4B9E-96CF-22A855DDC076}"
EndProject
Project("{FAE04EC0-301F-11D3-BF4B-00C04F79EFBC}") = "Exercice04", "Exercice04\Exercice04.csproj", "{C8978511-C715-4917-B106-9E4888575BEE}"
EndProject
Global
	GlobalSection(SolutionConfigurationPlatforms) = preSolution
		Debug|Any CPU = Debug|Any CPU
		Release|Any CPU = Release|Any CPU
	EndGlobalSection
	GlobalSection(ProjectConfigurationPlatforms) = postSolution
		{68E103CA-1D38-4E64-B46B-D421F9F8AE7E}.Debug|Any CPU.ActiveCfg = Debug|Any CPU
		{68E103CA-1D38-4E64-B46B-D421F9F8AE7E}.Debug|Any CPU.Build.0 = Debug|Any CPU
		{68E103CA-1D38-4E64-B46B-D421F9F8AE7E}.Release|Any CPU.ActiveCfg = Release|Any CPU
		{68E103CA-1D38-4E64-B46B-D421F9F8AE7E}.Release|Any CPU.Build.0 = Release|Any CPU
		{E0461262-0172-4951-A215-5C62429EE653}.Debug|Any CPU.ActiveCfg = Debug|Any CPU
		{E0461262-0172-4951-A215-5C62429EE653}.Debug|Any CPU.Build.0 = Debug|Any CPU
		{E0461262-0172-4951-A215-5C62429EE653}.Release|Any CPU.ActiveCfg = Release|Any CPU
		{E0461262-0172-4951-A215-5C62429EE653}.Release|Any CPU.Build.0 = Release|Any CPU
		{9CFE134F-3570-4B9E-96CF-22A855DDC076}.Debug|Any CPU.ActiveCfg = Debug|Any CPU
		{9CFE134F-3570-4B9E-96CF-22A855DDC076}.Debug|Any CPU.Build.0 = Debug|Any CPU
		{9CFE134F-3570-4B9E-96CF-22A855DDC076}.Release|Any CPU.ActiveCfg = Release|Any CPU
		{9CFE134F-3570-4B9E-96CF-22A855DDC076}.Release|Any CPU.Build.0 = Release|Any CPU
		{C8978511-C715-4917-B106-9E4888575BEE}.Debug|Any CPU.ActiveCfg = Debug|Any CPU
		{C8978511-C715-4917-B106-9E4888575BEE}.Debug|Any CPU.Build.0 = Debug|Any CPU
		{C8978511-C715-4917-B106-9E4888575BEE}.Release|Any CPU.ActiveCfg = Release|Any CPU
		{C8978511-C715-4917-B106-9E4888575BEE}.Release|Any CPU.Build.0 = Release|Any CPU
	EndGlobalSection
	GlobalSection(SolutionProperties) = preSolution
		HideSolutionNode = FALSE
	EndGlobalSection
	GlobalSection(ExtensibilityGlobals) = postSolution
		SolutionGuid = {A712E4B0-A164-417A-8832-322FADC9F335}
	EndGlobalSection
EndGlobal
